// !$*UTF8*$!
{
	archiveVersion = 1;
	classes = {
	};
	objectVersion = 46;
	objects = {

/* Begin PBXBuildFile section */
		BC3059801ECC58A8007B4F42 /* DGElasticPullToRefresh.h in Headers */ = {isa = PBXBuildFile; fileRef = BC30597E1ECC58A8007B4F42 /* DGElasticPullToRefresh.h */; settings = {ATTRIBUTES = (Public, ); }; };
		BC30598B1ECC58D7007B4F42 /* DGElasticPullToRefreshConstants.swift in Sources */ = {isa = PBXBuildFile; fileRef = BC3059861ECC58D7007B4F42 /* DGElasticPullToRefreshConstants.swift */; };
		BC30598C1ECC58D7007B4F42 /* DGElasticPullToRefreshExtensions.swift in Sources */ = {isa = PBXBuildFile; fileRef = BC3059871ECC58D7007B4F42 /* DGElasticPullToRefreshExtensions.swift */; };
		BC30598D1ECC58D7007B4F42 /* DGElasticPullToRefreshLoadingView.swift in Sources */ = {isa = PBXBuildFile; fileRef = BC3059881ECC58D7007B4F42 /* DGElasticPullToRefreshLoadingView.swift */; };
		BC30598E1ECC58D7007B4F42 /* DGElasticPullToRefreshLoadingViewCircle.swift in Sources */ = {isa = PBXBuildFile; fileRef = BC3059891ECC58D7007B4F42 /* DGElasticPullToRefreshLoadingViewCircle.swift */; };
		BC30598F1ECC58D7007B4F42 /* DGElasticPullToRefreshView.swift in Sources */ = {isa = PBXBuildFile; fileRef = BC30598A1ECC58D7007B4F42 /* DGElasticPullToRefreshView.swift */; };
/* End PBXBuildFile section */

/* Begin PBXFileReference section */
		BC30597B1ECC58A8007B4F42 /* DGElasticPullToRefresh.framework */ = {isa = PBXFileReference; explicitFileType = wrapper.framework; includeInIndex = 0; path = DGElasticPullToRefresh.framework; sourceTree = BUILT_PRODUCTS_DIR; };
		BC30597E1ECC58A8007B4F42 /* DGElasticPullToRefresh.h */ = {isa = PBXFileReference; lastKnownFileType = sourcecode.c.h; path = DGElasticPullToRefresh.h; sourceTree = "<group>"; };
		BC30597F1ECC58A8007B4F42 /* Info.plist */ = {isa = PBXFileReference; lastKnownFileType = text.plist.xml; path = Info.plist; sourceTree = "<group>"; };
		BC3059861ECC58D7007B4F42 /* DGElasticPullToRefreshConstants.swift */ = {isa = PBXFileReference; fileEncoding = 4; lastKnownFileType = sourcecode.swift; path = DGElasticPullToRefreshConstants.swift; sourceTree = "<group>"; };
		BC3059871ECC58D7007B4F42 /* DGElasticPullToRefreshExtensions.swift */ = {isa = PBXFileReference; fileEncoding = 4; lastKnownFileType = sourcecode.swift; path = DGElasticPullToRefreshExtensions.swift; sourceTree = "<group>"; };
		BC3059881ECC58D7007B4F42 /* DGElasticPullToRefreshLoadingView.swift */ = {isa = PBXFileReference; fileEncoding = 4; lastKnownFileType = sourcecode.swift; path = DGElasticPullToRefreshLoadingView.swift; sourceTree = "<group>"; };
		BC3059891ECC58D7007B4F42 /* DGElasticPullToRefreshLoadingViewCircle.swift */ = {isa = PBXFileReference; fileEncoding = 4; lastKnownFileType = sourcecode.swift; path = DGElasticPullToRefreshLoadingViewCircle.swift; sourceTree = "<group>"; };
		BC30598A1ECC58D7007B4F42 /* DGElasticPullToRefreshView.swift */ = {isa = PBXFileReference; fileEncoding = 4; lastKnownFileType = sourcecode.swift; path = DGElasticPullToRefreshView.swift; sourceTree = "<group>"; };
/* End PBXFileReference section */

/* Begin PBXFrameworksBuildPhase section */
		BC3059771ECC58A8007B4F42 /* Frameworks */ = {
			isa = PBXFrameworksBuildPhase;
			buildActionMask = 2147483647;
			files = (
			);
			runOnlyForDeploymentPostprocessing = 0;
		};
/* End PBXFrameworksBuildPhase section */

/* Begin PBXGroup section */
		BC3059711ECC58A8007B4F42 = {
			isa = PBXGroup;
			children = (
				BC30597D1ECC58A8007B4F42 /* DGElasticPullToRefresh */,
				BC30597C1ECC58A8007B4F42 /* Products */,
			);
			sourceTree = "<group>";
		};
		BC30597C1ECC58A8007B4F42 /* Products */ = {
			isa = PBXGroup;
			children = (
				BC30597B1ECC58A8007B4F42 /* DGElasticPullToRefresh.framework */,
			);
			name = Products;
			sourceTree = "<group>";
		};
		BC30597D1ECC58A8007B4F42 /* DGElasticPullToRefresh */ = {
			isa = PBXGroup;
			children = (
				BC3059861ECC58D7007B4F42 /* DGElasticPullToRefreshConstants.swift */,
				BC3059871ECC58D7007B4F42 /* DGElasticPullToRefreshExtensions.swift */,
				BC3059881ECC58D7007B4F42 /* DGElasticPullToRefreshLoadingView.swift */,
				BC3059891ECC58D7007B4F42 /* DGElasticPullToRefreshLoadingViewCircle.swift */,
				BC30598A1ECC58D7007B4F42 /* DGElasticPullToRefreshView.swift */,
				BC30597E1ECC58A8007B4F42 /* DGElasticPullToRefresh.h */,
				BC30597F1ECC58A8007B4F42 /* Info.plist */,
			);
			path = DGElasticPullToRefresh;
			sourceTree = "<group>";
		};
/* End PBXGroup section */

/* Begin PBXHeadersBuildPhase section */
		BC3059781ECC58A8007B4F42 /* Headers */ = {
			isa = PBXHeadersBuildPhase;
			buildActionMask = 2147483647;
			files = (
				BC3059801ECC58A8007B4F42 /* DGElasticPullToRefresh.h in Headers */,
			);
			runOnlyForDeploymentPostprocessing = 0;
		};
/* End PBXHeadersBuildPhase section */

/* Begin PBXNativeTarget section */
		BC30597A1ECC58A8007B4F42 /* DGElasticPullToRefresh */ = {
			isa = PBXNativeTarget;
			buildConfigurationList = BC3059831ECC58A8007B4F42 /* Build configuration list for PBXNativeTarget "DGElasticPullToRefresh" */;
			buildPhases = (
				BC3059761ECC58A8007B4F42 /* Sources */,
				BC3059771ECC58A8007B4F42 /* Frameworks */,
				BC3059781ECC58A8007B4F42 /* Headers */,
				BC3059791ECC58A8007B4F42 /* Resources */,
			);
			buildRules = (
			);
			dependencies = (
			);
			name = DGElasticPullToRefresh;
			productName = DGElasticPullToRefresh;
			productReference = BC30597B1ECC58A8007B4F42 /* DGElasticPullToRefresh.framework */;
			productType = "com.apple.product-type.framework";
		};
/* End PBXNativeTarget section */

/* Begin PBXProject section */
		BC3059721ECC58A8007B4F42 /* Project object */ = {
			isa = PBXProject;
			attributes = {
				LastUpgradeCheck = 0830;
				ORGANIZATIONNAME = gontovnik;
				TargetAttributes = {
					BC30597A1ECC58A8007B4F42 = {
						CreatedOnToolsVersion = 8.3.2;
						LastSwiftMigration = 0830;
						ProvisioningStyle = Automatic;
					};
				};
			};
			buildConfigurationList = BC3059751ECC58A8007B4F42 /* Build configuration list for PBXProject "DGElasticPullToRefresh" */;
			compatibilityVersion = "Xcode 3.2";
			developmentRegion = English;
			hasScannedForEncodings = 0;
			knownRegions = (
				en,
			);
			mainGroup = BC3059711ECC58A8007B4F42;
			productRefGroup = BC30597C1ECC58A8007B4F42 /* Products */;
			projectDirPath = "";
			projectRoot = "";
			targets = (
				BC30597A1ECC58A8007B4F42 /* DGElasticPullToRefresh */,
			);
		};
/* End PBXProject section */

/* Begin PBXResourcesBuildPhase section */
		BC3059791ECC58A8007B4F42 /* Resources */ = {
			isa = PBXResourcesBuildPhase;
			buildActionMask = 2147483647;
			files = (
			);
			runOnlyForDeploymentPostprocessing = 0;
		};
/* End PBXResourcesBuildPhase section */

/* Begin PBXSourcesBuildPhase section */
		BC3059761ECC58A8007B4F42 /* Sources */ = {
			isa = PBXSourcesBuildPhase;
			buildActionMask = 2147483647;
			files = (
				BC30598F1ECC58D7007B4F42 /* DGElasticPullToRefreshView.swift in Sources */,
				BC30598C1ECC58D7007B4F42 /* DGElasticPullToRefreshExtensions.swift in Sources */,
				BC30598B1ECC58D7007B4F42 /* DGElasticPullToRefreshConstants.swift in Sources */,
				BC30598E1ECC58D7007B4F42 /* DGElasticPullToRefreshLoadingViewCircle.swift in Sources */,
				BC30598D1ECC58D7007B4F42 /* DGElasticPullToRefreshLoadingView.swift in Sources */,
			);
			runOnlyForDeploymentPostprocessing = 0;
		};
/* End PBXSourcesBuildPhase section */

/* Begin XCBuildConfiguration section */
		BC3059811ECC58A8007B4F42 /* Debug */ = {
			isa = XCBuildConfiguration;
			buildSettings = {
				ALWAYS_SEARCH_USER_PATHS = NO;
				CLANG_ANALYZER_NONNULL = YES;
				CLANG_ANALYZER_NUMBER_OBJECT_CONVERSION = YES_AGGRESSIVE;
				CLANG_CXX_LANGUAGE_STANDARD = "gnu++0x";
				CLANG_CXX_LIBRARY = "libc++";
				CLANG_ENABLE_MODULES = YES;
				CLANG_ENABLE_OBJC_ARC = YES;
				CLANG_WARN_BOOL_CONVERSION = YES;
				CLANG_WARN_CONSTANT_CONVERSION = YES;
				CLANG_WARN_DIRECT_OBJC_ISA_USAGE = YES_ERROR;
				CLANG_WARN_DOCUMENTATION_COMMENTS = YES;
				CLANG_WARN_EMPTY_BODY = YES;
				CLANG_WARN_ENUM_CONVERSION = YES;
				CLANG_WARN_INFINITE_RECURSION = YES;
				CLANG_WARN_INT_CONVERSION = YES;
				CLANG_WARN_OBJC_ROOT_CLASS = YES_ERROR;
				CLANG_WARN_SUSPICIOUS_MOVE = YES;
				CLANG_WARN_UNREACHABLE_CODE = YES;
				CLANG_WARN__DUPLICATE_METHOD_MATCH = YES;
				"CODE_SIGN_IDENTITY[sdk=iphoneos*]" = "iPhone Developer";
				COPY_PHASE_STRIP = NO;
				CURRENT_PROJECT_VERSION = 1;
				DEBUG_INFORMATION_FORMAT = dwarf;
				ENABLE_STRICT_OBJC_MSGSEND = YES;
				ENABLE_TESTABILITY = YES;
				GCC_C_LANGUAGE_STANDARD = gnu99;
				GCC_DYNAMIC_NO_PIC = NO;
				GCC_NO_COMMON_BLOCKS = YES;
				GCC_OPTIMIZATION_LEVEL = 0;
				GCC_PREPROCESSOR_DEFINITIONS = (
					"DEBUG=1",
					"$(inherited)",
				);
				GCC_WARN_64_TO_32_BIT_CONVERSION = YES;
				GCC_WARN_ABOUT_RETURN_TYPE = YES_ERROR;
				GCC_WARN_UNDECLARED_SELECTOR = YES;
				GCC_WARN_UNINITIALIZED_AUTOS = YES_AGGRESSIVE;
				GCC_WARN_UNUSED_FUNCTION = YES;
				GCC_WARN_UNUSED_VARIABLE = YES;
				IPHONEOS_DEPLOYMENT_TARGET = 10.3;
				MTL_ENABLE_DEBUG_INFO = YES;
				ONLY_ACTIVE_ARCH = YES;
				SDKROOT = iphoneos;
				SWIFT_ACTIVE_COMPILATION_CONDITIONS = DEBUG;
				SWIFT_OPTIMIZATION_LEVEL = "-Onone";
				TARGETED_DEVICE_FAMILY = "1,2";
				VERSIONING_SYSTEM = "apple-generic";
				VERSION_INFO_PREFIX = "";
			};
			name = Debug;
		};
		BC3059821ECC58A8007B4F42 /* Release */ = {
			isa = XCBuildConfiguration;
			buildSettings = {
				ALWAYS_SEARCH_USER_PATHS = NO;
				CLANG_ANALYZER_NONNULL = YES;
				CLANG_ANALYZER_NUMBER_OBJECT_CONVERSION = YES_AGGRESSIVE;
				CLANG_CXX_LANGUAGE_STANDARD = "gnu++0x";
				CLANG_CXX_LIBRARY = "libc++";
				CLANG_ENABLE_MODULES = YES;
				CLANG_ENABLE_OBJC_ARC = YES;
				CLANG_WARN_BOOL_CONVERSION = YES;
				CLANG_WARN_CONSTANT_CONVERSION = YES;
				CLANG_WARN_DIRECT_OBJC_ISA_USAGE = YES_ERROR;
				CLANG_WARN_DOCUMENTATION_COMMENTS = YES;
				CLANG_WARN_EMPTY_BODY = YES;
				CLANG_WARN_ENUM_CONVERSION = YES;
				CLANG_WARN_INFINITE_RECURSION = YES;
				CLANG_WARN_INT_CONVERSION = YES;
				CLANG_WARN_OBJC_ROOT_CLASS = YES_ERROR;
				CLANG_WARN_SUSPICIOUS_MOVE = YES;
				CLANG_WARN_UNREACHABLE_CODE = YES;
				CLANG_WARN__DUPLICATE_METHOD_MATCH = YES;
				"CODE_SIGN_IDENTITY[sdk=iphoneos*]" = "iPhone Developer";
				COPY_PHASE_STRIP = NO;
				CURRENT_PROJECT_VERSION = 1;
				DEBUG_INFORMATION_FORMAT = "dwarf-with-dsym";
				ENABLE_NS_ASSERTIONS = NO;
				ENABLE_STRICT_OBJC_MSGSEND = YES;
				GCC_C_LANGUAGE_STANDARD = gnu99;
				GCC_NO_COMMON_BLOCKS = YES;
				GCC_WARN_64_TO_32_BIT_CONVERSION = YES;
				GCC_WARN_ABOUT_RETURN_TYPE = YES_ERROR;
				GCC_WARN_UNDECLARED_SELECTOR = YES;
				GCC_WARN_UNINITIALIZED_AUTOS = YES_AGGRESSIVE;
				GCC_WARN_UNUSED_FUNCTION = YES;
				GCC_WARN_UNUSED_VARIABLE = YES;
				IPHONEOS_DEPLOYMENT_TARGET = 10.3;
				MTL_ENABLE_DEBUG_INFO = NO;
				SDKROOT = iphoneos;
				SWIFT_OPTIMIZATION_LEVEL = "-Owholemodule";
				TARGETED_DEVICE_FAMILY = "1,2";
				VALIDATE_PRODUCT = YES;
				VERSIONING_SYSTEM = "apple-generic";
				VERSION_INFO_PREFIX = "";
			};
			name = Release;
		};
		BC3059841ECC58A8007B4F42 /* Debug */ = {
			isa = XCBuildConfiguration;
			buildSettings = {
				CLANG_ENABLE_MODULES = YES;
				CODE_SIGN_IDENTITY = "";
				DEFINES_MODULE = YES;
				DYLIB_COMPATIBILITY_VERSION = 1;
				DYLIB_CURRENT_VERSION = 1;
				DYLIB_INSTALL_NAME_BASE = "@rpath";
				INFOPLIST_FILE = DGElasticPullToRefresh/Info.plist;
				INSTALL_PATH = "$(LOCAL_LIBRARY_DIR)/Frameworks";
				LD_RUNPATH_SEARCH_PATHS = "$(inherited) @executable_path/Frameworks @loader_path/Frameworks";
				PRODUCT_BUNDLE_IDENTIFIER = com.gontovnik.DGElasticPullToRefresh;
				PRODUCT_NAME = "$(TARGET_NAME)";
				SKIP_INSTALL = YES;
				SWIFT_OPTIMIZATION_LEVEL = "-Onone";
				SWIFT_VERSION = 3.0;
			};
			name = Debug;
		};
		BC3059851ECC58A8007B4F42 /* Release */ = {
			isa = XCBuildConfiguration;
			buildSettings = {
				CLANG_ENABLE_MODULES = YES;
				CODE_SIGN_IDENTITY = "";
				DEFINES_MODULE = YES;
				DYLIB_COMPATIBILITY_VERSION = 1;
				DYLIB_CURRENT_VERSION = 1;
				DYLIB_INSTALL_NAME_BASE = "@rpath";
				INFOPLIST_FILE = DGElasticPullToRefresh/Info.plist;
				INSTALL_PATH = "$(LOCAL_LIBRARY_DIR)/Frameworks";
				LD_RUNPATH_SEARCH_PATHS = "$(inherited) @executable_path/Frameworks @loader_path/Frameworks";
				PRODUCT_BUNDLE_IDENTIFIER = com.gontovnik.DGElasticPullToRefresh;
				PRODUCT_NAME = "$(TARGET_NAME)";
				SKIP_INSTALL = YES;
				SWIFT_VERSION = 3.0;
			};
			name = Release;
		};
/* End XCBuildConfiguration section */

/* Begin XCConfigurationList section */
		BC3059751ECC58A8007B4F42 /* Build configuration list for PBXProject "DGElasticPullToRefresh" */ = {
			isa = XCConfigurationList;
			buildConfigurations = (
				BC3059811ECC58A8007B4F42 /* Debug */,
				BC3059821ECC58A8007B4F42 /* Release */,
			);
			defaultConfigurationIsVisible = 0;
			defaultConfigurationName = Release;
		};
		BC3059831ECC58A8007B4F42 /* Build configuration list for PBXNativeTarget "DGElasticPullToRefresh" */ = {
			isa = XCConfigurationList;
			buildConfigurations = (
				BC3059841ECC58A8007B4F42 /* Debug */,
				BC3059851ECC58A8007B4F42 /* Release */,
			);
			defaultConfigurationIsVisible = 0;
		};
/* End XCConfigurationList section */
	};
	rootObject = BC3059721ECC58A8007B4F42 /* Project object */;
}
